
Microsoft Visual Studio Solution File, Format Version 12.00
# Visual Studio Version 16
VisualStudioVersion = 16.0.31129.286
MinimumVisualStudioVersion = 10.0.40219.1
Project("{FAE04EC0-301F-11D3-BF4B-00C04F79EFBC}") = "CorsExample", "CorsExample\CorsExample.csproj", "{D70002D1-1692-42D9-BC2A-CA8039E834E4}"
EndProject
Project("{FAE04EC0-301F-11D3-BF4B-00C04F79EFBC}") = "CorsTestClient", "CorsTestClient\CorsTestClient.csproj", "{B9860E8D-DBC1-46A3-BBCD-3E20F3019F7E}"
EndProject
Global
	GlobalSection(SolutionConfigurationPlatforms) = preSolution
		Debug|Any CPU = Debug|Any CPU
		Release|Any CPU = Release|Any CPU
	EndGlobalSection
	GlobalSection(ProjectConfigurationPlatforms) = postSolution
		{D70002D1-1692-42D9-BC2A-CA8039E834E4}.Debug|Any CPU.ActiveCfg = Debug|Any CPU
		{D70002D1-1692-42D9-BC2A-CA8039E834E4}.Debug|Any CPU.Build.0 = Debug|Any CPU
		{D70002D1-1692-42D9-BC2A-CA8039E834E4}.Release|Any CPU.ActiveCfg = Release|Any CPU
		{D70002D1-1692-42D9-BC2A-CA8039E834E4}.Release|Any CPU.Build.0 = Release|Any CPU
		{B9860E8D-DBC1-46A3-BBCD-3E20F3019F7E}.Debug|Any CPU.ActiveCfg = Debug|Any CPU
		{B9860E8D-DBC1-46A3-BBCD-3E20F3019F7E}.Debug|Any CPU.Build.0 = Debug|Any CPU
		{B9860E8D-DBC1-46A3-BBCD-3E20F3019F7E}.Release|Any CPU.ActiveCfg = Release|Any CPU
		{B9860E8D-DBC1-46A3-BBCD-3E20F3019F7E}.Release|Any CPU.Build.0 = Release|Any CPU
	EndGlobalSection
	GlobalSection(SolutionProperties) = preSolution
		HideSolutionNode = FALSE
	EndGlobalSection
	GlobalSection(ExtensibilityGlobals) = postSolution
		SolutionGuid = {89DA3CE1-45D3-42A3-9DCC-261FD2E58E9D}
	EndGlobalSection
EndGlobal
